
Microsoft Visual Studio Solution File, Format Version 12.00
# Visual Studio Version 16
VisualStudioVersion = 16.0.32929.386
MinimumVisualStudioVersion = 10.0.40219.1
Project("{FAE04EC0-301F-11D3-BF4B-00C04F79EFBC}") = "ClinicaApp", "ClinicaApp\ClinicaApp.csproj", "{AE0737FF-D8E6-4594-ABA7-13B30E280337}"
EndProject
Global
	GlobalSection(SolutionConfigurationPlatforms) = preSolution
		Debug|Any CPU = Debug|Any CPU
		Release|Any CPU = Release|Any CPU
	EndGlobalSection
	GlobalSection(ProjectConfigurationPlatforms) = postSolution
		{AE0737FF-D8E6-4594-ABA7-13B30E280337}.Debug|Any CPU.ActiveCfg = Debug|Any CPU
		{AE0737FF-D8E6-4594-ABA7-13B30E280337}.Debug|Any CPU.Build.0 = Debug|Any CPU
		{AE0737FF-D8E6-4594-ABA7-13B30E280337}.Release|Any CPU.ActiveCfg = Release|Any CPU
		{AE0737FF-D8E6-4594-ABA7-13B30E280337}.Release|Any CPU.Build.0 = Release|Any CPU
	EndGlobalSection
	GlobalSection(SolutionProperties) = preSolution
		HideSolutionNode = FALSE
	EndGlobalSection
	GlobalSection(ExtensibilityGlobals) = postSolution
		SolutionGuid = {3BD25255-906B-4AA6-83B1-28C3BDA0171C}
	EndGlobalSection
EndGlobal
